
Microsoft Visual Studio Solution File, Format Version 12.00
# Visual Studio Version 17
VisualStudioVersion = 17.4.33213.308
MinimumVisualStudioVersion = 10.0.40219.1
Project("{FAE04EC0-301F-11D3-BF4B-00C04F79EFBC}") = "Github_Issue_Classifier", "Github_Issue_Classifier\Github_Issue_Classifier.csproj", "{BC729D62-F7CF-41A5-948A-77FFE4DCF827}"
EndProject
Global
	GlobalSection(SolutionConfigurationPlatforms) = preSolution
		Debug|Any CPU = Debug|Any CPU
		Release|Any CPU = Release|Any CPU
	EndGlobalSection
	GlobalSection(ProjectConfigurationPlatforms) = postSolution
		{BC729D62-F7CF-41A5-948A-77FFE4DCF827}.Debug|Any CPU.ActiveCfg = Debug|Any CPU
		{BC729D62-F7CF-41A5-948A-77FFE4DCF827}.Debug|Any CPU.Build.0 = Debug|Any CPU
		{BC729D62-F7CF-41A5-948A-77FFE4DCF827}.Release|Any CPU.ActiveCfg = Release|Any CPU
		{BC729D62-F7CF-41A5-948A-77FFE4DCF827}.Release|Any CPU.Build.0 = Release|Any CPU
	EndGlobalSection
	GlobalSection(SolutionProperties) = preSolution
		HideSolutionNode = FALSE
	EndGlobalSection
	GlobalSection(ExtensibilityGlobals) = postSolution
		SolutionGuid = {DCDF6D68-2F0F-47DA-A313-AFFBF02D60A4}
	EndGlobalSection
EndGlobal
